
Microsoft Visual Studio Solution File, Format Version 12.00
# Visual Studio Version 17
VisualStudioVersion = 17.1.32407.343
MinimumVisualStudioVersion = 10.0.40219.1
Project("{FAE04EC0-301F-11D3-BF4B-00C04F79EFBC}") = "Les05Scopes", "Les05Scopes\Les05Scopes.csproj", "{9B6E43CF-E681-40A5-A576-E1AE5EAD3053}"
EndProject
Global
	GlobalSection(SolutionConfigurationPlatforms) = preSolution
		Debug|Any CPU = Debug|Any CPU
		Release|Any CPU = Release|Any CPU
	EndGlobalSection
	GlobalSection(ProjectConfigurationPlatforms) = postSolution
		{9B6E43CF-E681-40A5-A576-E1AE5EAD3053}.Debug|Any CPU.ActiveCfg = Debug|Any CPU
		{9B6E43CF-E681-40A5-A576-E1AE5EAD3053}.Debug|Any CPU.Build.0 = Debug|Any CPU
		{9B6E43CF-E681-40A5-A576-E1AE5EAD3053}.Release|Any CPU.ActiveCfg = Release|Any CPU
		{9B6E43CF-E681-40A5-A576-E1AE5EAD3053}.Release|Any CPU.Build.0 = Release|Any CPU
	EndGlobalSection
	GlobalSection(SolutionProperties) = preSolution
		HideSolutionNode = FALSE
	EndGlobalSection
	GlobalSection(ExtensibilityGlobals) = postSolution
		SolutionGuid = {BB123061-728D-439B-A768-4572D4EA3D16}
	EndGlobalSection
EndGlobal
