
Microsoft Visual Studio Solution File, Format Version 12.00
# Visual Studio Version 17
VisualStudioVersion = 17.1.32319.34
MinimumVisualStudioVersion = 10.0.40219.1
Project("{FAE04EC0-301F-11D3-BF4B-00C04F79EFBC}") = "Les03Classes", "Les03Classes\Les03Classes.csproj", "{DB72EF19-5EBF-43C0-9953-09F05F60EA79}"
EndProject
Global
	GlobalSection(SolutionConfigurationPlatforms) = preSolution
		Debug|Any CPU = Debug|Any CPU
		Release|Any CPU = Release|Any CPU
	EndGlobalSection
	GlobalSection(ProjectConfigurationPlatforms) = postSolution
		{DB72EF19-5EBF-43C0-9953-09F05F60EA79}.Debug|Any CPU.ActiveCfg = Debug|Any CPU
		{DB72EF19-5EBF-43C0-9953-09F05F60EA79}.Debug|Any CPU.Build.0 = Debug|Any CPU
		{DB72EF19-5EBF-43C0-9953-09F05F60EA79}.Release|Any CPU.ActiveCfg = Release|Any CPU
		{DB72EF19-5EBF-43C0-9953-09F05F60EA79}.Release|Any CPU.Build.0 = Release|Any CPU
	EndGlobalSection
	GlobalSection(SolutionProperties) = preSolution
		HideSolutionNode = FALSE
	EndGlobalSection
	GlobalSection(ExtensibilityGlobals) = postSolution
		SolutionGuid = {EE55E6CF-0CF1-4A86-98D8-2CF4782A6DCF}
	EndGlobalSection
EndGlobal
